{
  "nodes": {
    "nixpkgs": {
      "locked": {
        "lastModified": 1778230622,
        "narHash": "sha256-X8Rb2XvwIY6dv3Qaju6tlRNveP/v/Tk0bPhel+scAEw=",
        "owner": "NixOS",
        "repo": "nixpkgs",
        "rev": "ad05e8c6e51ef9c232b5a42c6d922b63f4d5a4ab",
        "type": "github"
      },
      "original": {
        "owner": "NixOS",
        "ref": "release-25.11",
        "repo": "nixpkgs",
        "type": "github"
      }
    },
    "root": {
      "inputs": {
        "nixpkgs": "nixpkgs"
      }
    }
  },
  "root": "root",
  "version": 7
}
