{
  "nodes": {
    "nixpkgs": {
      "locked": {
        "lastModified": 1778830137,
        "narHash": "sha256-wVKu7ZYV3ikh7RVDY1TVlaKwPTFvfkYnOzQGn3IqT4o=",
        "owner": "NixOS",
        "repo": "nixpkgs",
        "rev": "a3c34a1dd63140ab2150ebb4fa290bbbae58193b",
        "type": "github"
      },
      "original": {
        "owner": "NixOS",
        "ref": "release-25.11",
        "repo": "nixpkgs",
        "type": "github"
      }
    },
    "root": {
      "inputs": {
        "nixpkgs": "nixpkgs"
      }
    }
  },
  "root": "root",
  "version": 7
}
