{
  "nodes": {
    "nixpkgs": {
      "locked": {
        "lastModified": 1787525875,
        "narHash": "sha256-sKbMlkDCBVmAjUVT94LwhVtET/YEMtZaFdn5UduWxz8=",
        "owner": "NixOS",
        "repo": "nixpkgs",
        "rev": "a3b98866eecd08edac6e61a3081e69540a35020f",
        "type": "github"
      },
      "original": {
        "owner": "NixOS",
        "ref": "nixos-26.05",
        "repo": "nixpkgs",
        "type": "github"
      }
    },
    "root": {
      "inputs": {
        "nixpkgs": "nixpkgs"
      }
    }
  },
  "root": "root",
  "version": 7
}
